#
# This file is autogenerated by pip-compile with Python 3.11
# by the following command:
#
#    pip-compile --output-file=requirements/requirements.lock requirements/requirements.in
#
-e file:///home/aangel/Projects/AI-News-Digest
    # via -r requirements/requirements.in
arxiv==1.4.8
    # via -r requirements/requirements.in
feedparser==6.0.10
    # via arxiv
loguru==0.7.2
    # via -r requirements/requirements.in
markdown-it-py==3.0.0
    # via rich
mdurl==0.1.2
    # via markdown-it-py
pygments==2.16.1
    # via rich
rich==13.6.0
    # via -r requirements/requirements.in
sgmllib3k==1.0.0
    # via feedparser
